
Microsoft Visual Studio Solution File, Format Version 12.00
# Visual Studio Version 17
VisualStudioVersion = 17.3.32901.215
MinimumVisualStudioVersion = 10.0.40219.1
Project("{FAE04EC0-301F-11D3-BF4B-00C04F79EFBC}") = "if else kullanımı 2", "if else kullanımı 2\if else kullanımı 2.csproj", "{2EBBC746-A0D5-4F1B-BF24-497071F78E6A}"
EndProject
Global
	GlobalSection(SolutionConfigurationPlatforms) = preSolution
		Debug|Any CPU = Debug|Any CPU
		Release|Any CPU = Release|Any CPU
	EndGlobalSection
	GlobalSection(ProjectConfigurationPlatforms) = postSolution
		{2EBBC746-A0D5-4F1B-BF24-497071F78E6A}.Debug|Any CPU.ActiveCfg = Debug|Any CPU
		{2EBBC746-A0D5-4F1B-BF24-497071F78E6A}.Debug|Any CPU.Build.0 = Debug|Any CPU
		{2EBBC746-A0D5-4F1B-BF24-497071F78E6A}.Release|Any CPU.ActiveCfg = Release|Any CPU
		{2EBBC746-A0D5-4F1B-BF24-497071F78E6A}.Release|Any CPU.Build.0 = Release|Any CPU
	EndGlobalSection
	GlobalSection(SolutionProperties) = preSolution
		HideSolutionNode = FALSE
	EndGlobalSection
	GlobalSection(ExtensibilityGlobals) = postSolution
		SolutionGuid = {7CCF1769-2AAE-4D30-A24F-40E815F6E2F5}
	EndGlobalSection
EndGlobal
